// !$*UTF8*$!
{
	archiveVersion = 1;
	classes = {
	};
	objectVersion = 56;
	objects = {

/* Begin PBXBuildFile section */
		3D72EC672B6B3A9600292C61 /* FetchTakeHomeApp.swift in Sources */ = {isa = PBXBuildFile; fileRef = 3D72EC662B6B3A9600292C61 /* FetchTakeHomeApp.swift */; };
		3D72EC692B6B3A9600292C61 /* HomeView.swift in Sources */ = {isa = PBXBuildFile; fileRef = 3D72EC682B6B3A9600292C61 /* HomeView.swift */; };
		3D72EC6B2B6B3A9700292C61 /* Assets.xcassets in Resources */ = {isa = PBXBuildFile; fileRef = 3D72EC6A2B6B3A9700292C61 /* Assets.xcassets */; };
		3D72EC6E2B6B3A9700292C61 /* Preview Assets.xcassets in Resources */ = {isa = PBXBuildFile; fileRef = 3D72EC6D2B6B3A9700292C61 /* Preview Assets.xcassets */; };
		3D72EC762B6B3D9100292C61 /* MealManager.swift in Sources */ = {isa = PBXBuildFile; fileRef = 3D72EC752B6B3D9100292C61 /* MealManager.swift */; };
		3D72EC792B6B3E9400292C61 /* Meal.swift in Sources */ = {isa = PBXBuildFile; fileRef = 3D72EC782B6B3E9400292C61 /* Meal.swift */; };
		3DBC22662B6BEDC10065D118 /* MealsViewModel.swift in Sources */ = {isa = PBXBuildFile; fileRef = 3DBC22652B6BEDC10065D118 /* MealsViewModel.swift */; };
		3DBC22692B6BF2BB0065D118 /* RootView.swift in Sources */ = {isa = PBXBuildFile; fileRef = 3DBC22682B6BF2BB0065D118 /* RootView.swift */; };
		3DBC226C2B6BF2CF0065D118 /* Router.swift in Sources */ = {isa = PBXBuildFile; fileRef = 3DBC226B2B6BF2CF0065D118 /* Router.swift */; };
		3DBC226F2B6C82350065D118 /* MealDetailView.swift in Sources */ = {isa = PBXBuildFile; fileRef = 3DBC226E2B6C82350065D118 /* MealDetailView.swift */; };
		3DBC22712B6C8FF00065D118 /* ImageView.swift in Sources */ = {isa = PBXBuildFile; fileRef = 3DBC22702B6C8FF00065D118 /* ImageView.swift */; };
		3DBC22732B6C90980065D118 /* ImageFetcher.swift in Sources */ = {isa = PBXBuildFile; fileRef = 3DBC22722B6C90980065D118 /* ImageFetcher.swift */; };
		3DBC22752B6C96CE0065D118 /* ImageViewModel.swift in Sources */ = {isa = PBXBuildFile; fileRef = 3DBC22742B6C96CE0065D118 /* ImageViewModel.swift */; };
		3DBC22772B6C97AB0065D118 /* RequestStatus.swift in Sources */ = {isa = PBXBuildFile; fileRef = 3DBC22762B6C97AB0065D118 /* RequestStatus.swift */; };
		3DBC64E02B6D4D9A00016B05 /* Logger.swift in Sources */ = {isa = PBXBuildFile; fileRef = 3DBC64DF2B6D4D9A00016B05 /* Logger.swift */; };
/* End PBXBuildFile section */

/* Begin PBXFileReference section */
		3D72EC632B6B3A9600292C61 /* FetchTakeHome.app */ = {isa = PBXFileReference; explicitFileType = wrapper.application; includeInIndex = 0; path = FetchTakeHome.app; sourceTree = BUILT_PRODUCTS_DIR; };
		3D72EC662B6B3A9600292C61 /* FetchTakeHomeApp.swift */ = {isa = PBXFileReference; lastKnownFileType = sourcecode.swift; path = FetchTakeHomeApp.swift; sourceTree = "<group>"; };
		3D72EC682B6B3A9600292C61 /* HomeView.swift */ = {isa = PBXFileReference; lastKnownFileType = sourcecode.swift; path = HomeView.swift; sourceTree = "<group>"; };
		3D72EC6A2B6B3A9700292C61 /* Assets.xcassets */ = {isa = PBXFileReference; lastKnownFileType = folder.assetcatalog; path = Assets.xcassets; sourceTree = "<group>"; };
		3D72EC6D2B6B3A9700292C61 /* Preview Assets.xcassets */ = {isa = PBXFileReference; lastKnownFileType = folder.assetcatalog; path = "Preview Assets.xcassets"; sourceTree = "<group>"; };
		3D72EC752B6B3D9100292C61 /* MealManager.swift */ = {isa = PBXFileReference; lastKnownFileType = sourcecode.swift; path = MealManager.swift; sourceTree = "<group>"; };
		3D72EC782B6B3E9400292C61 /* Meal.swift */ = {isa = PBXFileReference; lastKnownFileType = sourcecode.swift; path = Meal.swift; sourceTree = "<group>"; };
		3DBC22652B6BEDC10065D118 /* MealsViewModel.swift */ = {isa = PBXFileReference; lastKnownFileType = sourcecode.swift; path = MealsViewModel.swift; sourceTree = "<group>"; };
		3DBC22682B6BF2BB0065D118 /* RootView.swift */ = {isa = PBXFileReference; lastKnownFileType = sourcecode.swift; path = RootView.swift; sourceTree = "<group>"; };
		3DBC226B2B6BF2CF0065D118 /* Router.swift */ = {isa = PBXFileReference; lastKnownFileType = sourcecode.swift; path = Router.swift; sourceTree = "<group>"; };
		3DBC226E2B6C82350065D118 /* MealDetailView.swift */ = {isa = PBXFileReference; lastKnownFileType = sourcecode.swift; path = MealDetailView.swift; sourceTree = "<group>"; };
		3DBC22702B6C8FF00065D118 /* ImageView.swift */ = {isa = PBXFileReference; lastKnownFileType = sourcecode.swift; path = ImageView.swift; sourceTree = "<group>"; };
		3DBC22722B6C90980065D118 /* ImageFetcher.swift */ = {isa = PBXFileReference; lastKnownFileType = sourcecode.swift; path = ImageFetcher.swift; sourceTree = "<group>"; };
		3DBC22742B6C96CE0065D118 /* ImageViewModel.swift */ = {isa = PBXFileReference; lastKnownFileType = sourcecode.swift; path = ImageViewModel.swift; sourceTree = "<group>"; };
		3DBC22762B6C97AB0065D118 /* RequestStatus.swift */ = {isa = PBXFileReference; lastKnownFileType = sourcecode.swift; path = RequestStatus.swift; sourceTree = "<group>"; };
		3DBC64DF2B6D4D9A00016B05 /* Logger.swift */ = {isa = PBXFileReference; lastKnownFileType = sourcecode.swift; path = Logger.swift; sourceTree = "<group>"; };
/* End PBXFileReference section */

/* Begin PBXFrameworksBuildPhase section */
		3D72EC602B6B3A9600292C61 /* Frameworks */ = {
			isa = PBXFrameworksBuildPhase;
			buildActionMask = 2147483647;
			files = (
			);
			runOnlyForDeploymentPostprocessing = 0;
		};
/* End PBXFrameworksBuildPhase section */

/* Begin PBXGroup section */
		3D72EC5A2B6B3A9600292C61 = {
			isa = PBXGroup;
			children = (
				3D72EC652B6B3A9600292C61 /* FetchTakeHome */,
				3D72EC642B6B3A9600292C61 /* Products */,
			);
			sourceTree = "<group>";
		};
		3D72EC642B6B3A9600292C61 /* Products */ = {
			isa = PBXGroup;
			children = (
				3D72EC632B6B3A9600292C61 /* FetchTakeHome.app */,
			);
			name = Products;
			sourceTree = "<group>";
		};
		3D72EC652B6B3A9600292C61 /* FetchTakeHome */ = {
			isa = PBXGroup;
			children = (
				3DBC226D2B6BF36E0065D118 /* ViewModels */,
				3DBC226A2B6BF2C60065D118 /* Routing */,
				3D72EC772B6B3E7400292C61 /* Models */,
				3D72EC742B6B3AA600292C61 /* CoreServices */,
				3D72EC662B6B3A9600292C61 /* FetchTakeHomeApp.swift */,
				3DBC22672B6BF1BB0065D118 /* Views */,
				3D72EC6A2B6B3A9700292C61 /* Assets.xcassets */,
				3D72EC6C2B6B3A9700292C61 /* Preview Content */,
			);
			path = FetchTakeHome;
			sourceTree = "<group>";
		};
		3D72EC6C2B6B3A9700292C61 /* Preview Content */ = {
			isa = PBXGroup;
			children = (
				3D72EC6D2B6B3A9700292C61 /* Preview Assets.xcassets */,
			);
			path = "Preview Content";
			sourceTree = "<group>";
		};
		3D72EC742B6B3AA600292C61 /* CoreServices */ = {
			isa = PBXGroup;
			children = (
				3D72EC752B6B3D9100292C61 /* MealManager.swift */,
				3DBC22722B6C90980065D118 /* ImageFetcher.swift */,
				3DBC64DF2B6D4D9A00016B05 /* Logger.swift */,
			);
			path = CoreServices;
			sourceTree = "<group>";
		};
		3D72EC772B6B3E7400292C61 /* Models */ = {
			isa = PBXGroup;
			children = (
				3D72EC782B6B3E9400292C61 /* Meal.swift */,
				3DBC22762B6C97AB0065D118 /* RequestStatus.swift */,
			);
			path = Models;
			sourceTree = "<group>";
		};
		3DBC22672B6BF1BB0065D118 /* Views */ = {
			isa = PBXGroup;
			children = (
				3D72EC682B6B3A9600292C61 /* HomeView.swift */,
				3DBC22682B6BF2BB0065D118 /* RootView.swift */,
				3DBC226E2B6C82350065D118 /* MealDetailView.swift */,
				3DBC22702B6C8FF00065D118 /* ImageView.swift */,
			);
			path = Views;
			sourceTree = "<group>";
		};
		3DBC226A2B6BF2C60065D118 /* Routing */ = {
			isa = PBXGroup;
			children = (
				3DBC226B2B6BF2CF0065D118 /* Router.swift */,
			);
			path = Routing;
			sourceTree = "<group>";
		};
		3DBC226D2B6BF36E0065D118 /* ViewModels */ = {
			isa = PBXGroup;
			children = (
				3DBC22652B6BEDC10065D118 /* MealsViewModel.swift */,
				3DBC22742B6C96CE0065D118 /* ImageViewModel.swift */,
			);
			path = ViewModels;
			sourceTree = "<group>";
		};
/* End PBXGroup section */

/* Begin PBXNativeTarget section */
		3D72EC622B6B3A9600292C61 /* FetchTakeHome */ = {
			isa = PBXNativeTarget;
			buildConfigurationList = 3D72EC712B6B3A9700292C61 /* Build configuration list for PBXNativeTarget "FetchTakeHome" */;
			buildPhases = (
				3D72EC5F2B6B3A9600292C61 /* Sources */,
				3D72EC602B6B3A9600292C61 /* Frameworks */,
				3D72EC612B6B3A9600292C61 /* Resources */,
			);
			buildRules = (
			);
			dependencies = (
			);
			name = FetchTakeHome;
			productName = FetchTakeHome;
			productReference = 3D72EC632B6B3A9600292C61 /* FetchTakeHome.app */;
			productType = "com.apple.product-type.application";
		};
/* End PBXNativeTarget section */

/* Begin PBXProject section */
		3D72EC5B2B6B3A9600292C61 /* Project object */ = {
			isa = PBXProject;
			attributes = {
				BuildIndependentTargetsInParallel = 1;
				LastSwiftUpdateCheck = 1500;
				LastUpgradeCheck = 1500;
				TargetAttributes = {
					3D72EC622B6B3A9600292C61 = {
						CreatedOnToolsVersion = 15.0.1;
					};
				};
			};
			buildConfigurationList = 3D72EC5E2B6B3A9600292C61 /* Build configuration list for PBXProject "FetchTakeHome" */;
			compatibilityVersion = "Xcode 14.0";
			developmentRegion = en;
			hasScannedForEncodings = 0;
			knownRegions = (
				en,
				Base,
			);
			mainGroup = 3D72EC5A2B6B3A9600292C61;
			productRefGroup = 3D72EC642B6B3A9600292C61 /* Products */;
			projectDirPath = "";
			projectRoot = "";
			targets = (
				3D72EC622B6B3A9600292C61 /* FetchTakeHome */,
			);
		};
/* End PBXProject section */

/* Begin PBXResourcesBuildPhase section */
		3D72EC612B6B3A9600292C61 /* Resources */ = {
			isa = PBXResourcesBuildPhase;
			buildActionMask = 2147483647;
			files = (
				3D72EC6E2B6B3A9700292C61 /* Preview Assets.xcassets in Resources */,
				3D72EC6B2B6B3A9700292C61 /* Assets.xcassets in Resources */,
			);
			runOnlyForDeploymentPostprocessing = 0;
		};
/* End PBXResourcesBuildPhase section */

/* Begin PBXSourcesBuildPhase section */
		3D72EC5F2B6B3A9600292C61 /* Sources */ = {
			isa = PBXSourcesBuildPhase;
			buildActionMask = 2147483647;
			files = (
				3D72EC792B6B3E9400292C61 /* Meal.swift in Sources */,
				3D72EC762B6B3D9100292C61 /* MealManager.swift in Sources */,
				3DBC22692B6BF2BB0065D118 /* RootView.swift in Sources */,
				3DBC226C2B6BF2CF0065D118 /* Router.swift in Sources */,
				3DBC226F2B6C82350065D118 /* MealDetailView.swift in Sources */,
				3D72EC692B6B3A9600292C61 /* HomeView.swift in Sources */,
				3DBC22712B6C8FF00065D118 /* ImageView.swift in Sources */,
				3DBC22772B6C97AB0065D118 /* RequestStatus.swift in Sources */,
				3D72EC672B6B3A9600292C61 /* FetchTakeHomeApp.swift in Sources */,
				3DBC64E02B6D4D9A00016B05 /* Logger.swift in Sources */,
				3DBC22662B6BEDC10065D118 /* MealsViewModel.swift in Sources */,
				3DBC22752B6C96CE0065D118 /* ImageViewModel.swift in Sources */,
				3DBC22732B6C90980065D118 /* ImageFetcher.swift in Sources */,
			);
			runOnlyForDeploymentPostprocessing = 0;
		};
/* End PBXSourcesBuildPhase section */

/* Begin XCBuildConfiguration section */
		3D72EC6F2B6B3A9700292C61 /* Debug */ = {
			isa = XCBuildConfiguration;
			buildSettings = {
				ALWAYS_SEARCH_USER_PATHS = NO;
				ASSETCATALOG_COMPILER_GENERATE_SWIFT_ASSET_SYMBOL_EXTENSIONS = YES;
				CLANG_ANALYZER_NONNULL = YES;
				CLANG_ANALYZER_NUMBER_OBJECT_CONVERSION = YES_AGGRESSIVE;
				CLANG_CXX_LANGUAGE_STANDARD = "gnu++20";
				CLANG_ENABLE_MODULES = YES;
				CLANG_ENABLE_OBJC_ARC = YES;
				CLANG_ENABLE_OBJC_WEAK = YES;
				CLANG_WARN_BLOCK_CAPTURE_AUTORELEASING = YES;
				CLANG_WARN_BOOL_CONVERSION = YES;
				CLANG_WARN_COMMA = YES;
				CLANG_WARN_CONSTANT_CONVERSION = YES;
				CLANG_WARN_DEPRECATED_OBJC_IMPLEMENTATIONS = YES;
				CLANG_WARN_DIRECT_OBJC_ISA_USAGE = YES_ERROR;
				CLANG_WARN_DOCUMENTATION_COMMENTS = YES;
				CLANG_WARN_EMPTY_BODY = YES;
				CLANG_WARN_ENUM_CONVERSION = YES;
				CLANG_WARN_INFINITE_RECURSION = YES;
				CLANG_WARN_INT_CONVERSION = YES;
				CLANG_WARN_NON_LITERAL_NULL_CONVERSION = YES;
				CLANG_WARN_OBJC_IMPLICIT_RETAIN_SELF = YES;
				CLANG_WARN_OBJC_LITERAL_CONVERSION = YES;
				CLANG_WARN_OBJC_ROOT_CLASS = YES_ERROR;
				CLANG_WARN_QUOTED_INCLUDE_IN_FRAMEWORK_HEADER = YES;
				CLANG_WARN_RANGE_LOOP_ANALYSIS = YES;
				CLANG_WARN_STRICT_PROTOTYPES = YES;
				CLANG_WARN_SUSPICIOUS_MOVE = YES;
				CLANG_WARN_UNGUARDED_AVAILABILITY = YES_AGGRESSIVE;
				CLANG_WARN_UNREACHABLE_CODE = YES;
				CLANG_WARN__DUPLICATE_METHOD_MATCH = YES;
				COPY_PHASE_STRIP = NO;
				DEBUG_INFORMATION_FORMAT = dwarf;
				ENABLE_STRICT_OBJC_MSGSEND = YES;
				ENABLE_TESTABILITY = YES;
				ENABLE_USER_SCRIPT_SANDBOXING = YES;
				GCC_C_LANGUAGE_STANDARD = gnu17;
				GCC_DYNAMIC_NO_PIC = NO;
				GCC_NO_COMMON_BLOCKS = YES;
				GCC_OPTIMIZATION_LEVEL = 0;
				GCC_PREPROCESSOR_DEFINITIONS = (
					"DEBUG=1",
					"$(inherited)",
				);
				GCC_WARN_64_TO_32_BIT_CONVERSION = YES;
				GCC_WARN_ABOUT_RETURN_TYPE = YES_ERROR;
				GCC_WARN_UNDECLARED_SELECTOR = YES;
				GCC_WARN_UNINITIALIZED_AUTOS = YES_AGGRESSIVE;
				GCC_WARN_UNUSED_FUNCTION = YES;
				GCC_WARN_UNUSED_VARIABLE = YES;
				IPHONEOS_DEPLOYMENT_TARGET = 17.0;
				LOCALIZATION_PREFERS_STRING_CATALOGS = YES;
				MTL_ENABLE_DEBUG_INFO = INCLUDE_SOURCE;
				MTL_FAST_MATH = YES;
				ONLY_ACTIVE_ARCH = YES;
				SDKROOT = iphoneos;
				SWIFT_ACTIVE_COMPILATION_CONDITIONS = "DEBUG $(inherited)";
				SWIFT_OPTIMIZATION_LEVEL = "-Onone";
			};
			name = Debug;
		};
		3D72EC702B6B3A9700292C61 /* Release */ = {
			isa = XCBuildConfiguration;
			buildSettings = {
				ALWAYS_SEARCH_USER_PATHS = NO;
				ASSETCATALOG_COMPILER_GENERATE_SWIFT_ASSET_SYMBOL_EXTENSIONS = YES;
				CLANG_ANALYZER_NONNULL = YES;
				CLANG_ANALYZER_NUMBER_OBJECT_CONVERSION = YES_AGGRESSIVE;
				CLANG_CXX_LANGUAGE_STANDARD = "gnu++20";
				CLANG_ENABLE_MODULES = YES;
				CLANG_ENABLE_OBJC_ARC = YES;
				CLANG_ENABLE_OBJC_WEAK = YES;
				CLANG_WARN_BLOCK_CAPTURE_AUTORELEASING = YES;
				CLANG_WARN_BOOL_CONVERSION = YES;
				CLANG_WARN_COMMA = YES;
				CLANG_WARN_CONSTANT_CONVERSION = YES;
				CLANG_WARN_DEPRECATED_OBJC_IMPLEMENTATIONS = YES;
				CLANG_WARN_DIRECT_OBJC_ISA_USAGE = YES_ERROR;
				CLANG_WARN_DOCUMENTATION_COMMENTS = YES;
				CLANG_WARN_EMPTY_BODY = YES;
				CLANG_WARN_ENUM_CONVERSION = YES;
				CLANG_WARN_INFINITE_RECURSION = YES;
				CLANG_WARN_INT_CONVERSION = YES;
				CLANG_WARN_NON_LITERAL_NULL_CONVERSION = YES;
				CLANG_WARN_OBJC_IMPLICIT_RETAIN_SELF = YES;
				CLANG_WARN_OBJC_LITERAL_CONVERSION = YES;
				CLANG_WARN_OBJC_ROOT_CLASS = YES_ERROR;
				CLANG_WARN_QUOTED_INCLUDE_IN_FRAMEWORK_HEADER = YES;
				CLANG_WARN_RANGE_LOOP_ANALYSIS = YES;
				CLANG_WARN_STRICT_PROTOTYPES = YES;
				CLANG_WARN_SUSPICIOUS_MOVE = YES;
				CLANG_WARN_UNGUARDED_AVAILABILITY = YES_AGGRESSIVE;
				CLANG_WARN_UNREACHABLE_CODE = YES;
				CLANG_WARN__DUPLICATE_METHOD_MATCH = YES;
				COPY_PHASE_STRIP = NO;
				DEBUG_INFORMATION_FORMAT = "dwarf-with-dsym";
				ENABLE_NS_ASSERTIONS = NO;
				ENABLE_STRICT_OBJC_MSGSEND = YES;
				ENABLE_USER_SCRIPT_SANDBOXING = YES;
				GCC_C_LANGUAGE_STANDARD = gnu17;
				GCC_NO_COMMON_BLOCKS = YES;
				GCC_WARN_64_TO_32_BIT_CONVERSION = YES;
				GCC_WARN_ABOUT_RETURN_TYPE = YES_ERROR;
				GCC_WARN_UNDECLARED_SELECTOR = YES;
				GCC_WARN_UNINITIALIZED_AUTOS = YES_AGGRESSIVE;
				GCC_WARN_UNUSED_FUNCTION = YES;
				GCC_WARN_UNUSED_VARIABLE = YES;
				IPHONEOS_DEPLOYMENT_TARGET = 17.0;
				LOCALIZATION_PREFERS_STRING_CATALOGS = YES;
				MTL_ENABLE_DEBUG_INFO = NO;
				MTL_FAST_MATH = YES;
				SDKROOT = iphoneos;
				SWIFT_COMPILATION_MODE = wholemodule;
				VALIDATE_PRODUCT = YES;
			};
			name = Release;
		};
		3D72EC722B6B3A9700292C61 /* Debug */ = {
			isa = XCBuildConfiguration;
			buildSettings = {
				ASSETCATALOG_COMPILER_APPICON_NAME = AppIcon;
				ASSETCATALOG_COMPILER_GLOBAL_ACCENT_COLOR_NAME = AccentColor;
				CODE_SIGN_STYLE = Automatic;
				CURRENT_PROJECT_VERSION = 1;
				DEVELOPMENT_ASSET_PATHS = "\"FetchTakeHome/Preview Content\"";
				DEVELOPMENT_TEAM = BWKNAPT58K;
				ENABLE_PREVIEWS = YES;
				GENERATE_INFOPLIST_FILE = YES;
				INFOPLIST_KEY_UIApplicationSceneManifest_Generation = YES;
				INFOPLIST_KEY_UIApplicationSupportsIndirectInputEvents = YES;
				INFOPLIST_KEY_UILaunchScreen_Generation = YES;
				INFOPLIST_KEY_UISupportedInterfaceOrientations_iPad = "UIInterfaceOrientationPortrait UIInterfaceOrientationPortraitUpsideDown UIInterfaceOrientationLandscapeLeft UIInterfaceOrientationLandscapeRight";
				INFOPLIST_KEY_UISupportedInterfaceOrientations_iPhone = "UIInterfaceOrientationPortrait UIInterfaceOrientationLandscapeLeft UIInterfaceOrientationLandscapeRight";
				LD_RUNPATH_SEARCH_PATHS = (
					"$(inherited)",
					"@executable_path/Frameworks",
				);
				MARKETING_VERSION = 1.0;
				PRODUCT_BUNDLE_IDENTIFIER = michaelwlodawsky.FetchTakeHome;
				PRODUCT_NAME = "$(TARGET_NAME)";
				SWIFT_EMIT_LOC_STRINGS = YES;
				SWIFT_VERSION = 5.0;
				TARGETED_DEVICE_FAMILY = "1,2";
			};
			name = Debug;
		};
		3D72EC732B6B3A9700292C61 /* Release */ = {
			isa = XCBuildConfiguration;
			buildSettings = {
				ASSETCATALOG_COMPILER_APPICON_NAME = AppIcon;
				ASSETCATALOG_COMPILER_GLOBAL_ACCENT_COLOR_NAME = AccentColor;
				CODE_SIGN_STYLE = Automatic;
				CURRENT_PROJECT_VERSION = 1;
				DEVELOPMENT_ASSET_PATHS = "\"FetchTakeHome/Preview Content\"";
				DEVELOPMENT_TEAM = BWKNAPT58K;
				ENABLE_PREVIEWS = YES;
				GENERATE_INFOPLIST_FILE = YES;
				INFOPLIST_KEY_UIApplicationSceneManifest_Generation = YES;
				INFOPLIST_KEY_UIApplicationSupportsIndirectInputEvents = YES;
				INFOPLIST_KEY_UILaunchScreen_Generation = YES;
				INFOPLIST_KEY_UISupportedInterfaceOrientations_iPad = "UIInterfaceOrientationPortrait UIInterfaceOrientationPortraitUpsideDown UIInterfaceOrientationLandscapeLeft UIInterfaceOrientationLandscapeRight";
				INFOPLIST_KEY_UISupportedInterfaceOrientations_iPhone = "UIInterfaceOrientationPortrait UIInterfaceOrientationLandscapeLeft UIInterfaceOrientationLandscapeRight";
				LD_RUNPATH_SEARCH_PATHS = (
					"$(inherited)",
					"@executable_path/Frameworks",
				);
				MARKETING_VERSION = 1.0;
				PRODUCT_BUNDLE_IDENTIFIER = michaelwlodawsky.FetchTakeHome;
				PRODUCT_NAME = "$(TARGET_NAME)";
				SWIFT_EMIT_LOC_STRINGS = YES;
				SWIFT_VERSION = 5.0;
				TARGETED_DEVICE_FAMILY = "1,2";
			};
			name = Release;
		};
/* End XCBuildConfiguration section */

/* Begin XCConfigurationList section */
		3D72EC5E2B6B3A9600292C61 /* Build configuration list for PBXProject "FetchTakeHome" */ = {
			isa = XCConfigurationList;
			buildConfigurations = (
				3D72EC6F2B6B3A9700292C61 /* Debug */,
				3D72EC702B6B3A9700292C61 /* Release */,
			);
			defaultConfigurationIsVisible = 0;
			defaultConfigurationName = Release;
		};
		3D72EC712B6B3A9700292C61 /* Build configuration list for PBXNativeTarget "FetchTakeHome" */ = {
			isa = XCConfigurationList;
			buildConfigurations = (
				3D72EC722B6B3A9700292C61 /* Debug */,
				3D72EC732B6B3A9700292C61 /* Release */,
			);
			defaultConfigurationIsVisible = 0;
			defaultConfigurationName = Release;
		};
/* End XCConfigurationList section */
	};
	rootObject = 3D72EC5B2B6B3A9600292C61 /* Project object */;
}
